
Microsoft Visual Studio Solution File, Format Version 12.00
# Visual Studio Version 16
VisualStudioVersion = 16.6.30114.105
MinimumVisualStudioVersion = 10.0.40219.1
Project("{9A19103F-16F7-4668-BE54-9A1E7A4F7556}") = "MyConsoleApp", "src\MyConsoleApp\MyConsoleApp.csproj", "{3B140C48-8762-44DC-9FB1-1B7D38836F23}"
EndProject
Project("{9A19103F-16F7-4668-BE54-9A1E7A4F7556}") = "MyConsoleApp.Domain", "src\MyConsoleApp.Domain\MyConsoleApp.Domain.csproj", "{34E2F18B-53B6-4DAF-987F-DE2CD515E2C2}"
EndProject
Project("{2150E333-8FDC-42A3-9474-1A3956D46DE8}") = "app", "app", "{007B3572-CFBF-4D3A-B837-1E89B75F5331}"
EndProject
Project("{2150E333-8FDC-42A3-9474-1A3956D46DE8}") = "domain", "domain", "{5378BAD0-2204-42B3-BC6B-612352707311}"
EndProject
Global
	GlobalSection(SolutionConfigurationPlatforms) = preSolution
		Debug|Any CPU = Debug|Any CPU
		Debug|x64 = Debug|x64
		Debug|x86 = Debug|x86
		Release|Any CPU = Release|Any CPU
		Release|x64 = Release|x64
		Release|x86 = Release|x86
	EndGlobalSection
	GlobalSection(ProjectConfigurationPlatforms) = postSolution
		{3B140C48-8762-44DC-9FB1-1B7D38836F23}.Debug|Any CPU.ActiveCfg = Debug|Any CPU
		{3B140C48-8762-44DC-9FB1-1B7D38836F23}.Debug|Any CPU.Build.0 = Debug|Any CPU
		{3B140C48-8762-44DC-9FB1-1B7D38836F23}.Debug|x64.ActiveCfg = Debug|Any CPU
		{3B140C48-8762-44DC-9FB1-1B7D38836F23}.Debug|x64.Build.0 = Debug|Any CPU
		{3B140C48-8762-44DC-9FB1-1B7D38836F23}.Debug|x86.ActiveCfg = Debug|Any CPU
		{3B140C48-8762-44DC-9FB1-1B7D38836F23}.Debug|x86.Build.0 = Debug|Any CPU
		{3B140C48-8762-44DC-9FB1-1B7D38836F23}.Release|Any CPU.ActiveCfg = Release|Any CPU
		{3B140C48-8762-44DC-9FB1-1B7D38836F23}.Release|Any CPU.Build.0 = Release|Any CPU
		{3B140C48-8762-44DC-9FB1-1B7D38836F23}.Release|x64.ActiveCfg = Release|Any CPU
		{3B140C48-8762-44DC-9FB1-1B7D38836F23}.Release|x64.Build.0 = Release|Any CPU
		{3B140C48-8762-44DC-9FB1-1B7D38836F23}.Release|x86.ActiveCfg = Release|Any CPU
		{3B140C48-8762-44DC-9FB1-1B7D38836F23}.Release|x86.Build.0 = Release|Any CPU
		{34E2F18B-53B6-4DAF-987F-DE2CD515E2C2}.Debug|Any CPU.ActiveCfg = Debug|Any CPU
		{34E2F18B-53B6-4DAF-987F-DE2CD515E2C2}.Debug|Any CPU.Build.0 = Debug|Any CPU
		{34E2F18B-53B6-4DAF-987F-DE2CD515E2C2}.Debug|x64.ActiveCfg = Debug|Any CPU
		{34E2F18B-53B6-4DAF-987F-DE2CD515E2C2}.Debug|x64.Build.0 = Debug|Any CPU
		{34E2F18B-53B6-4DAF-987F-DE2CD515E2C2}.Debug|x86.ActiveCfg = Debug|Any CPU
		{34E2F18B-53B6-4DAF-987F-DE2CD515E2C2}.Debug|x86.Build.0 = Debug|Any CPU
		{34E2F18B-53B6-4DAF-987F-DE2CD515E2C2}.Release|Any CPU.ActiveCfg = Release|Any CPU
		{34E2F18B-53B6-4DAF-987F-DE2CD515E2C2}.Release|Any CPU.Build.0 = Release|Any CPU
		{34E2F18B-53B6-4DAF-987F-DE2CD515E2C2}.Release|x64.ActiveCfg = Release|Any CPU
		{34E2F18B-53B6-4DAF-987F-DE2CD515E2C2}.Release|x64.Build.0 = Release|Any CPU
		{34E2F18B-53B6-4DAF-987F-DE2CD515E2C2}.Release|x86.ActiveCfg = Release|Any CPU
		{34E2F18B-53B6-4DAF-987F-DE2CD515E2C2}.Release|x86.Build.0 = Release|Any CPU
	EndGlobalSection
	GlobalSection(SolutionProperties) = preSolution
		HideSolutionNode = FALSE
	EndGlobalSection
	GlobalSection(NestedProjects) = preSolution
		{3B140C48-8762-44DC-9FB1-1B7D38836F23} = {007B3572-CFBF-4D3A-B837-1E89B75F5331}
		{34E2F18B-53B6-4DAF-987F-DE2CD515E2C2} = {5378BAD0-2204-42B3-BC6B-612352707311}
	EndGlobalSection
	GlobalSection(ExtensibilityGlobals) = postSolution
		SolutionGuid = {38099DAE-1245-460B-BF1E-39151CB06D96}
	EndGlobalSection
EndGlobal
